// !$*UTF8*$!
{
	archiveVersion = 1;
	classes = {
	};
	objectVersion = 56;
	objects = {

/* Begin PBXBuildFile section */
		8AEABA6F2C71650100149980 /* Article.swift in Sources */ = {isa = PBXBuildFile; fileRef = 8AEABA302C71650100149980 /* Article.swift */; };
		8AEABA702C71650100149980 /* ArticleRepository.swift in Sources */ = {isa = PBXBuildFile; fileRef = 8AEABA312C71650100149980 /* ArticleRepository.swift */; };
		8AEABA712C71650100149980 /* MockArticleRepository.swift in Sources */ = {isa = PBXBuildFile; fileRef = 8AEABA322C71650100149980 /* MockArticleRepository.swift */; };
		8AEABA722C71650100149980 /* ProductionArticleRepository.swift in Sources */ = {isa = PBXBuildFile; fileRef = 8AEABA332C71650100149980 /* ProductionArticleRepository.swift */; };
		8AEABA732C71650100149980 /* Author.swift in Sources */ = {isa = PBXBuildFile; fileRef = 8AEABA352C71650100149980 /* Author.swift */; };
		8AEABA742C71650100149980 /* AuthorRepository.swift in Sources */ = {isa = PBXBuildFile; fileRef = 8AEABA362C71650100149980 /* AuthorRepository.swift */; };
		8AEABA752C71650100149980 /* ProductionAuthorRepository.swift in Sources */ = {isa = PBXBuildFile; fileRef = 8AEABA372C71650100149980 /* ProductionAuthorRepository.swift */; };
		8AEABA762C71650100149980 /* League.swift in Sources */ = {isa = PBXBuildFile; fileRef = 8AEABA392C71650100149980 /* League.swift */; };
		8AEABA772C71650100149980 /* LeagueRepository.swift in Sources */ = {isa = PBXBuildFile; fileRef = 8AEABA3A2C71650100149980 /* LeagueRepository.swift */; };
		8AEABA782C71650100149980 /* ProductionLeagueRepository.swift in Sources */ = {isa = PBXBuildFile; fileRef = 8AEABA3B2C71650100149980 /* ProductionLeagueRepository.swift */; };
		8AEABA792C71650100149980 /* ProductionTeamRepository.swift in Sources */ = {isa = PBXBuildFile; fileRef = 8AEABA3D2C71650100149980 /* ProductionTeamRepository.swift */; };
		8AEABA7A2C71650100149980 /* Team.swift in Sources */ = {isa = PBXBuildFile; fileRef = 8AEABA3E2C71650100149980 /* Team.swift */; };
		8AEABA7B2C71650100149980 /* TeamRepository.swift in Sources */ = {isa = PBXBuildFile; fileRef = 8AEABA3F2C71650100149980 /* TeamRepository.swift */; };
		8AEABA7C2C71650100149980 /* EmptyContentView.swift in Sources */ = {isa = PBXBuildFile; fileRef = 8AEABA422C71650100149980 /* EmptyContentView.swift */; };
		8AEABA7D2C71650100149980 /* LoadingView.swift in Sources */ = {isa = PBXBuildFile; fileRef = 8AEABA432C71650100149980 /* LoadingView.swift */; };
		8AEABA7E2C71650100149980 /* AthleticNetworkService.swift in Sources */ = {isa = PBXBuildFile; fileRef = 8AEABA452C71650100149980 /* AthleticNetworkService.swift */; };
		8AEABA7F2C71650100149980 /* Preview Assets.xcassets in Resources */ = {isa = PBXBuildFile; fileRef = 8AEABA472C71650100149980 /* Preview Assets.xcassets */; };
		8AEABA802C71650100149980 /* ArticleView.swift in Sources */ = {isa = PBXBuildFile; fileRef = 8AEABA492C71650100149980 /* ArticleView.swift */; };
		8AEABA812C71650100149980 /* ArticleViewModel.swift in Sources */ = {isa = PBXBuildFile; fileRef = 8AEABA4A2C71650100149980 /* ArticleViewModel.swift */; };
		8AEABA822C71650100149980 /* ArticleRow.swift in Sources */ = {isa = PBXBuildFile; fileRef = 8AEABA4C2C71650100149980 /* ArticleRow.swift */; };
		8AEABA832C71650100149980 /* FetchDateRow.swift in Sources */ = {isa = PBXBuildFile; fileRef = 8AEABA4D2C71650100149980 /* FetchDateRow.swift */; };
		8AEABA842C71650100149980 /* FetchDateViewModel.swift in Sources */ = {isa = PBXBuildFile; fileRef = 8AEABA4E2C71650100149980 /* FetchDateViewModel.swift */; };
		8AEABA852C71650100149980 /* ReturnToTopButton.swift in Sources */ = {isa = PBXBuildFile; fileRef = 8AEABA4F2C71650100149980 /* ReturnToTopButton.swift */; };
		8AEABA862C71650100149980 /* ArticleRoute.swift in Sources */ = {isa = PBXBuildFile; fileRef = 8AEABA512C71650100149980 /* ArticleRoute.swift */; };
		8AEABA872C71650100149980 /* ArticlesListView.swift in Sources */ = {isa = PBXBuildFile; fileRef = 8AEABA522C71650100149980 /* ArticlesListView.swift */; };
		8AEABA882C71650100149980 /* ArticlesListViewModel.swift in Sources */ = {isa = PBXBuildFile; fileRef = 8AEABA532C71650100149980 /* ArticlesListViewModel.swift */; };
		8AEABA892C71650100149980 /* ArticlesTabView.swift in Sources */ = {isa = PBXBuildFile; fileRef = 8AEABA542C71650100149980 /* ArticlesTabView.swift */; };
		8AEABA8A2C71650100149980 /* AuthorRow.swift in Sources */ = {isa = PBXBuildFile; fileRef = 8AEABA562C71650100149980 /* AuthorRow.swift */; };
		8AEABA8B2C71650100149980 /* AuthorsListView.swift in Sources */ = {isa = PBXBuildFile; fileRef = 8AEABA582C71650100149980 /* AuthorsListView.swift */; };
		8AEABA8C2C71650100149980 /* AuthorsListViewModel.swift in Sources */ = {isa = PBXBuildFile; fileRef = 8AEABA592C71650100149980 /* AuthorsListViewModel.swift */; };
		8AEABA8D2C71650100149980 /* AuthorsRoute.swift in Sources */ = {isa = PBXBuildFile; fileRef = 8AEABA5A2C71650100149980 /* AuthorsRoute.swift */; };
		8AEABA8E2C71650100149980 /* AuthorsTabView.swift in Sources */ = {isa = PBXBuildFile; fileRef = 8AEABA5B2C71650100149980 /* AuthorsTabView.swift */; };
		8AEABA8F2C71650100149980 /* LeagueRow.swift in Sources */ = {isa = PBXBuildFile; fileRef = 8AEABA5D2C71650100149980 /* LeagueRow.swift */; };
		8AEABA902C71650100149980 /* LeagueListView.swift in Sources */ = {isa = PBXBuildFile; fileRef = 8AEABA5F2C71650100149980 /* LeagueListView.swift */; };
		8AEABA912C71650100149980 /* LeagueListViewModel.swift in Sources */ = {isa = PBXBuildFile; fileRef = 8AEABA602C71650100149980 /* LeagueListViewModel.swift */; };
		8AEABA922C71650100149980 /* LeagueRoute.swift in Sources */ = {isa = PBXBuildFile; fileRef = 8AEABA612C71650100149980 /* LeagueRoute.swift */; };
		8AEABA932C71650100149980 /* LeaguesTabView.swift in Sources */ = {isa = PBXBuildFile; fileRef = 8AEABA622C71650100149980 /* LeaguesTabView.swift */; };
		8AEABA942C71650100149980 /* TeamsListView.swift in Sources */ = {isa = PBXBuildFile; fileRef = 8AEABA642C71650100149980 /* TeamsListView.swift */; };
		8AEABA952C71650100149980 /* TeamsListViewModel.swift in Sources */ = {isa = PBXBuildFile; fileRef = 8AEABA652C71650100149980 /* TeamsListViewModel.swift */; };
		8AEABA962C71650100149980 /* TeamsRoute.swift in Sources */ = {isa = PBXBuildFile; fileRef = 8AEABA662C71650100149980 /* TeamsRoute.swift */; };
		8AEABA972C71650100149980 /* TeamsTabView.swift in Sources */ = {isa = PBXBuildFile; fileRef = 8AEABA672C71650100149980 /* TeamsTabView.swift */; };
		8AEABA982C71650100149980 /* Assets.xcassets in Resources */ = {isa = PBXBuildFile; fileRef = 8AEABA6A2C71650100149980 /* Assets.xcassets */; };
		8AEABA992C71650100149980 /* SportNewsApp.swift in Sources */ = {isa = PBXBuildFile; fileRef = 8AEABA6C2C71650100149980 /* SportNewsApp.swift */; };
		8AEABA9A2C71650100149980 /* ContentView.swift in Sources */ = {isa = PBXBuildFile; fileRef = 8AEABA6D2C71650100149980 /* ContentView.swift */; };
		969E12172AF988730047A441 /* ArticleViewModelTests.swift in Sources */ = {isa = PBXBuildFile; fileRef = 969E12162AF988730047A441 /* ArticleViewModelTests.swift */; };
		969E12212AF988730047A441 /* InterviewUITests.swift in Sources */ = {isa = PBXBuildFile; fileRef = 969E12202AF988730047A441 /* InterviewUITests.swift */; };
		969E12232AF988730047A441 /* InterviewUITestsLaunchTests.swift in Sources */ = {isa = PBXBuildFile; fileRef = 969E12222AF988730047A441 /* InterviewUITestsLaunchTests.swift */; };
/* End PBXBuildFile section */

/* Begin PBXContainerItemProxy section */
		969E12132AF988730047A441 /* PBXContainerItemProxy */ = {
			isa = PBXContainerItemProxy;
			containerPortal = 969E11F92AF988720047A441 /* Project object */;
			proxyType = 1;
			remoteGlobalIDString = 969E12002AF988720047A441;
			remoteInfo = Interview;
		};
		969E121D2AF988730047A441 /* PBXContainerItemProxy */ = {
			isa = PBXContainerItemProxy;
			containerPortal = 969E11F92AF988720047A441 /* Project object */;
			proxyType = 1;
			remoteGlobalIDString = 969E12002AF988720047A441;
			remoteInfo = Interview;
		};
/* End PBXContainerItemProxy section */

/* Begin PBXFileReference section */
		8AEABA302C71650100149980 /* Article.swift */ = {isa = PBXFileReference; fileEncoding = 4; lastKnownFileType = sourcecode.swift; path = Article.swift; sourceTree = "<group>"; };
		8AEABA312C71650100149980 /* ArticleRepository.swift */ = {isa = PBXFileReference; fileEncoding = 4; lastKnownFileType = sourcecode.swift; path = ArticleRepository.swift; sourceTree = "<group>"; };
		8AEABA322C71650100149980 /* MockArticleRepository.swift */ = {isa = PBXFileReference; fileEncoding = 4; lastKnownFileType = sourcecode.swift; path = MockArticleRepository.swift; sourceTree = "<group>"; };
		8AEABA332C71650100149980 /* ProductionArticleRepository.swift */ = {isa = PBXFileReference; fileEncoding = 4; lastKnownFileType = sourcecode.swift; path = ProductionArticleRepository.swift; sourceTree = "<group>"; };
		8AEABA352C71650100149980 /* Author.swift */ = {isa = PBXFileReference; fileEncoding = 4; lastKnownFileType = sourcecode.swift; path = Author.swift; sourceTree = "<group>"; };
		8AEABA362C71650100149980 /* AuthorRepository.swift */ = {isa = PBXFileReference; fileEncoding = 4; lastKnownFileType = sourcecode.swift; path = AuthorRepository.swift; sourceTree = "<group>"; };
		8AEABA372C71650100149980 /* ProductionAuthorRepository.swift */ = {isa = PBXFileReference; fileEncoding = 4; lastKnownFileType = sourcecode.swift; path = ProductionAuthorRepository.swift; sourceTree = "<group>"; };
		8AEABA392C71650100149980 /* League.swift */ = {isa = PBXFileReference; fileEncoding = 4; lastKnownFileType = sourcecode.swift; path = League.swift; sourceTree = "<group>"; };
		8AEABA3A2C71650100149980 /* LeagueRepository.swift */ = {isa = PBXFileReference; fileEncoding = 4; lastKnownFileType = sourcecode.swift; path = LeagueRepository.swift; sourceTree = "<group>"; };
		8AEABA3B2C71650100149980 /* ProductionLeagueRepository.swift */ = {isa = PBXFileReference; fileEncoding = 4; lastKnownFileType = sourcecode.swift; path = ProductionLeagueRepository.swift; sourceTree = "<group>"; };
		8AEABA3D2C71650100149980 /* ProductionTeamRepository.swift */ = {isa = PBXFileReference; fileEncoding = 4; lastKnownFileType = sourcecode.swift; path = ProductionTeamRepository.swift; sourceTree = "<group>"; };
		8AEABA3E2C71650100149980 /* Team.swift */ = {isa = PBXFileReference; fileEncoding = 4; lastKnownFileType = sourcecode.swift; path = Team.swift; sourceTree = "<group>"; };
		8AEABA3F2C71650100149980 /* TeamRepository.swift */ = {isa = PBXFileReference; fileEncoding = 4; lastKnownFileType = sourcecode.swift; path = TeamRepository.swift; sourceTree = "<group>"; };
		8AEABA422C71650100149980 /* EmptyContentView.swift */ = {isa = PBXFileReference; fileEncoding = 4; lastKnownFileType = sourcecode.swift; path = EmptyContentView.swift; sourceTree = "<group>"; };
		8AEABA432C71650100149980 /* LoadingView.swift */ = {isa = PBXFileReference; fileEncoding = 4; lastKnownFileType = sourcecode.swift; path = LoadingView.swift; sourceTree = "<group>"; };
		8AEABA452C71650100149980 /* AthleticNetworkService.swift */ = {isa = PBXFileReference; fileEncoding = 4; lastKnownFileType = sourcecode.swift; path = AthleticNetworkService.swift; sourceTree = "<group>"; };
		8AEABA472C71650100149980 /* Preview Assets.xcassets */ = {isa = PBXFileReference; lastKnownFileType = folder.assetcatalog; path = "Preview Assets.xcassets"; sourceTree = "<group>"; };
		8AEABA492C71650100149980 /* ArticleView.swift */ = {isa = PBXFileReference; fileEncoding = 4; lastKnownFileType = sourcecode.swift; path = ArticleView.swift; sourceTree = "<group>"; };
		8AEABA4A2C71650100149980 /* ArticleViewModel.swift */ = {isa = PBXFileReference; fileEncoding = 4; lastKnownFileType = sourcecode.swift; path = ArticleViewModel.swift; sourceTree = "<group>"; };
		8AEABA4C2C71650100149980 /* ArticleRow.swift */ = {isa = PBXFileReference; fileEncoding = 4; lastKnownFileType = sourcecode.swift; path = ArticleRow.swift; sourceTree = "<group>"; };
		8AEABA4D2C71650100149980 /* FetchDateRow.swift */ = {isa = PBXFileReference; fileEncoding = 4; lastKnownFileType = sourcecode.swift; path = FetchDateRow.swift; sourceTree = "<group>"; };
		8AEABA4E2C71650100149980 /* FetchDateViewModel.swift */ = {isa = PBXFileReference; fileEncoding = 4; lastKnownFileType = sourcecode.swift; path = FetchDateViewModel.swift; sourceTree = "<group>"; };
		8AEABA4F2C71650100149980 /* ReturnToTopButton.swift */ = {isa = PBXFileReference; fileEncoding = 4; lastKnownFileType = sourcecode.swift; path = ReturnToTopButton.swift; sourceTree = "<group>"; };
		8AEABA512C71650100149980 /* ArticleRoute.swift */ = {isa = PBXFileReference; fileEncoding = 4; lastKnownFileType = sourcecode.swift; path = ArticleRoute.swift; sourceTree = "<group>"; };
		8AEABA522C71650100149980 /* ArticlesListView.swift */ = {isa = PBXFileReference; fileEncoding = 4; lastKnownFileType = sourcecode.swift; path = ArticlesListView.swift; sourceTree = "<group>"; };
		8AEABA532C71650100149980 /* ArticlesListViewModel.swift */ = {isa = PBXFileReference; fileEncoding = 4; lastKnownFileType = sourcecode.swift; path = ArticlesListViewModel.swift; sourceTree = "<group>"; };
		8AEABA542C71650100149980 /* ArticlesTabView.swift */ = {isa = PBXFileReference; fileEncoding = 4; lastKnownFileType = sourcecode.swift; path = ArticlesTabView.swift; sourceTree = "<group>"; };
		8AEABA562C71650100149980 /* AuthorRow.swift */ = {isa = PBXFileReference; fileEncoding = 4; lastKnownFileType = sourcecode.swift; path = AuthorRow.swift; sourceTree = "<group>"; };
		8AEABA582C71650100149980 /* AuthorsListView.swift */ = {isa = PBXFileReference; fileEncoding = 4; lastKnownFileType = sourcecode.swift; path = AuthorsListView.swift; sourceTree = "<group>"; };
		8AEABA592C71650100149980 /* AuthorsListViewModel.swift */ = {isa = PBXFileReference; fileEncoding = 4; lastKnownFileType = sourcecode.swift; path = AuthorsListViewModel.swift; sourceTree = "<group>"; };
		8AEABA5A2C71650100149980 /* AuthorsRoute.swift */ = {isa = PBXFileReference; fileEncoding = 4; lastKnownFileType = sourcecode.swift; path = AuthorsRoute.swift; sourceTree = "<group>"; };
		8AEABA5B2C71650100149980 /* AuthorsTabView.swift */ = {isa = PBXFileReference; fileEncoding = 4; lastKnownFileType = sourcecode.swift; path = AuthorsTabView.swift; sourceTree = "<group>"; };
		8AEABA5D2C71650100149980 /* LeagueRow.swift */ = {isa = PBXFileReference; fileEncoding = 4; lastKnownFileType = sourcecode.swift; path = LeagueRow.swift; sourceTree = "<group>"; };
		8AEABA5F2C71650100149980 /* LeagueListView.swift */ = {isa = PBXFileReference; fileEncoding = 4; lastKnownFileType = sourcecode.swift; path = LeagueListView.swift; sourceTree = "<group>"; };
		8AEABA602C71650100149980 /* LeagueListViewModel.swift */ = {isa = PBXFileReference; fileEncoding = 4; lastKnownFileType = sourcecode.swift; path = LeagueListViewModel.swift; sourceTree = "<group>"; };
		8AEABA612C71650100149980 /* LeagueRoute.swift */ = {isa = PBXFileReference; fileEncoding = 4; lastKnownFileType = sourcecode.swift; path = LeagueRoute.swift; sourceTree = "<group>"; };
		8AEABA622C71650100149980 /* LeaguesTabView.swift */ = {isa = PBXFileReference; fileEncoding = 4; lastKnownFileType = sourcecode.swift; path = LeaguesTabView.swift; sourceTree = "<group>"; };
		8AEABA642C71650100149980 /* TeamsListView.swift */ = {isa = PBXFileReference; fileEncoding = 4; lastKnownFileType = sourcecode.swift; path = TeamsListView.swift; sourceTree = "<group>"; };
		8AEABA652C71650100149980 /* TeamsListViewModel.swift */ = {isa = PBXFileReference; fileEncoding = 4; lastKnownFileType = sourcecode.swift; path = TeamsListViewModel.swift; sourceTree = "<group>"; };
		8AEABA662C71650100149980 /* TeamsRoute.swift */ = {isa = PBXFileReference; fileEncoding = 4; lastKnownFileType = sourcecode.swift; path = TeamsRoute.swift; sourceTree = "<group>"; };
		8AEABA672C71650100149980 /* TeamsTabView.swift */ = {isa = PBXFileReference; fileEncoding = 4; lastKnownFileType = sourcecode.swift; path = TeamsTabView.swift; sourceTree = "<group>"; };
		8AEABA6A2C71650100149980 /* Assets.xcassets */ = {isa = PBXFileReference; lastKnownFileType = folder.assetcatalog; path = Assets.xcassets; sourceTree = "<group>"; };
		8AEABA6B2C71650100149980 /* SportNews.entitlements */ = {isa = PBXFileReference; fileEncoding = 4; lastKnownFileType = text.plist.entitlements; path = SportNews.entitlements; sourceTree = "<group>"; };
		8AEABA6C2C71650100149980 /* SportNewsApp.swift */ = {isa = PBXFileReference; fileEncoding = 4; lastKnownFileType = sourcecode.swift; path = SportNewsApp.swift; sourceTree = "<group>"; };
		8AEABA6D2C71650100149980 /* ContentView.swift */ = {isa = PBXFileReference; fileEncoding = 4; lastKnownFileType = sourcecode.swift; path = ContentView.swift; sourceTree = "<group>"; };
		969E12012AF988720047A441 /* SportNews.app */ = {isa = PBXFileReference; explicitFileType = wrapper.application; includeInIndex = 0; path = SportNews.app; sourceTree = BUILT_PRODUCTS_DIR; };
		969E12122AF988730047A441 /* SportNewsTests.xctest */ = {isa = PBXFileReference; explicitFileType = wrapper.cfbundle; includeInIndex = 0; path = SportNewsTests.xctest; sourceTree = BUILT_PRODUCTS_DIR; };
		969E12162AF988730047A441 /* ArticleViewModelTests.swift */ = {isa = PBXFileReference; lastKnownFileType = sourcecode.swift; path = ArticleViewModelTests.swift; sourceTree = "<group>"; };
		969E121C2AF988730047A441 /* SportNewsUITests.xctest */ = {isa = PBXFileReference; explicitFileType = wrapper.cfbundle; includeInIndex = 0; path = SportNewsUITests.xctest; sourceTree = BUILT_PRODUCTS_DIR; };
		969E12202AF988730047A441 /* InterviewUITests.swift */ = {isa = PBXFileReference; lastKnownFileType = sourcecode.swift; path = InterviewUITests.swift; sourceTree = "<group>"; };
		969E12222AF988730047A441 /* InterviewUITestsLaunchTests.swift */ = {isa = PBXFileReference; lastKnownFileType = sourcecode.swift; path = InterviewUITestsLaunchTests.swift; sourceTree = "<group>"; };
/* End PBXFileReference section */

/* Begin PBXFrameworksBuildPhase section */
		969E11FE2AF988720047A441 /* Frameworks */ = {
			isa = PBXFrameworksBuildPhase;
			buildActionMask = 2147483647;
			files = (
			);
			runOnlyForDeploymentPostprocessing = 0;
		};
		969E120F2AF988730047A441 /* Frameworks */ = {
			isa = PBXFrameworksBuildPhase;
			buildActionMask = 2147483647;
			files = (
			);
			runOnlyForDeploymentPostprocessing = 0;
		};
		969E12192AF988730047A441 /* Frameworks */ = {
			isa = PBXFrameworksBuildPhase;
			buildActionMask = 2147483647;
			files = (
			);
			runOnlyForDeploymentPostprocessing = 0;
		};
/* End PBXFrameworksBuildPhase section */

/* Begin PBXGroup section */
		8AEABA342C71650100149980 /* Article */ = {
			isa = PBXGroup;
			children = (
				8AEABA302C71650100149980 /* Article.swift */,
				8AEABA312C71650100149980 /* ArticleRepository.swift */,
				8AEABA322C71650100149980 /* MockArticleRepository.swift */,
				8AEABA332C71650100149980 /* ProductionArticleRepository.swift */,
			);
			path = Article;
			sourceTree = "<group>";
		};
		8AEABA382C71650100149980 /* Author */ = {
			isa = PBXGroup;
			children = (
				8AEABA352C71650100149980 /* Author.swift */,
				8AEABA362C71650100149980 /* AuthorRepository.swift */,
				8AEABA372C71650100149980 /* ProductionAuthorRepository.swift */,
			);
			path = Author;
			sourceTree = "<group>";
		};
		8AEABA3C2C71650100149980 /* Leagues */ = {
			isa = PBXGroup;
			children = (
				8AEABA392C71650100149980 /* League.swift */,
				8AEABA3A2C71650100149980 /* LeagueRepository.swift */,
				8AEABA3B2C71650100149980 /* ProductionLeagueRepository.swift */,
			);
			path = Leagues;
			sourceTree = "<group>";
		};
		8AEABA402C71650100149980 /* Team */ = {
			isa = PBXGroup;
			children = (
				8AEABA3D2C71650100149980 /* ProductionTeamRepository.swift */,
				8AEABA3E2C71650100149980 /* Team.swift */,
				8AEABA3F2C71650100149980 /* TeamRepository.swift */,
			);
			path = Team;
			sourceTree = "<group>";
		};
		8AEABA412C71650100149980 /* Data */ = {
			isa = PBXGroup;
			children = (
				8AEABA342C71650100149980 /* Article */,
				8AEABA382C71650100149980 /* Author */,
				8AEABA3C2C71650100149980 /* Leagues */,
				8AEABA402C71650100149980 /* Team */,
			);
			path = Data;
			sourceTree = "<group>";
		};
		8AEABA442C71650100149980 /* Library */ = {
			isa = PBXGroup;
			children = (
				8AEABA422C71650100149980 /* EmptyContentView.swift */,
				8AEABA432C71650100149980 /* LoadingView.swift */,
			);
			path = Library;
			sourceTree = "<group>";
		};
		8AEABA462C71650100149980 /* Networking */ = {
			isa = PBXGroup;
			children = (
				8AEABA452C71650100149980 /* AthleticNetworkService.swift */,
			);
			path = Networking;
			sourceTree = "<group>";
		};
		8AEABA482C71650100149980 /* Preview Content */ = {
			isa = PBXGroup;
			children = (
				8AEABA472C71650100149980 /* Preview Assets.xcassets */,
			);
			path = "Preview Content";
			sourceTree = "<group>";
		};
		8AEABA4B2C71650100149980 /* Article */ = {
			isa = PBXGroup;
			children = (
				8AEABA492C71650100149980 /* ArticleView.swift */,
				8AEABA4A2C71650100149980 /* ArticleViewModel.swift */,
			);
			path = Article;
			sourceTree = "<group>";
		};
		8AEABA502C71650100149980 /* Components */ = {
			isa = PBXGroup;
			children = (
				8AEABA4C2C71650100149980 /* ArticleRow.swift */,
				8AEABA4D2C71650100149980 /* FetchDateRow.swift */,
				8AEABA4E2C71650100149980 /* FetchDateViewModel.swift */,
				8AEABA4F2C71650100149980 /* ReturnToTopButton.swift */,
			);
			path = Components;
			sourceTree = "<group>";
		};
		8AEABA552C71650100149980 /* Articles List */ = {
			isa = PBXGroup;
			children = (
				8AEABA502C71650100149980 /* Components */,
				8AEABA512C71650100149980 /* ArticleRoute.swift */,
				8AEABA522C71650100149980 /* ArticlesListView.swift */,
				8AEABA532C71650100149980 /* ArticlesListViewModel.swift */,
				8AEABA542C71650100149980 /* ArticlesTabView.swift */,
			);
			path = "Articles List";
			sourceTree = "<group>";
		};
		8AEABA572C71650100149980 /* Components */ = {
			isa = PBXGroup;
			children = (
				8AEABA562C71650100149980 /* AuthorRow.swift */,
			);
			path = Components;
			sourceTree = "<group>";
		};
		8AEABA5C2C71650100149980 /* Authors */ = {
			isa = PBXGroup;
			children = (
				8AEABA572C71650100149980 /* Components */,
				8AEABA582C71650100149980 /* AuthorsListView.swift */,
				8AEABA592C71650100149980 /* AuthorsListViewModel.swift */,
				8AEABA5A2C71650100149980 /* AuthorsRoute.swift */,
				8AEABA5B2C71650100149980 /* AuthorsTabView.swift */,
			);
			path = Authors;
			sourceTree = "<group>";
		};
		8AEABA5E2C71650100149980 /* Components */ = {
			isa = PBXGroup;
			children = (
				8AEABA5D2C71650100149980 /* LeagueRow.swift */,
			);
			path = Components;
			sourceTree = "<group>";
		};
		8AEABA632C71650100149980 /* Leagues */ = {
			isa = PBXGroup;
			children = (
				8AEABA5E2C71650100149980 /* Components */,
				8AEABA5F2C71650100149980 /* LeagueListView.swift */,
				8AEABA602C71650100149980 /* LeagueListViewModel.swift */,
				8AEABA612C71650100149980 /* LeagueRoute.swift */,
				8AEABA622C71650100149980 /* LeaguesTabView.swift */,
			);
			path = Leagues;
			sourceTree = "<group>";
		};
		8AEABA682C71650100149980 /* Team */ = {
			isa = PBXGroup;
			children = (
				8AEABA642C71650100149980 /* TeamsListView.swift */,
				8AEABA652C71650100149980 /* TeamsListViewModel.swift */,
				8AEABA662C71650100149980 /* TeamsRoute.swift */,
				8AEABA672C71650100149980 /* TeamsTabView.swift */,
			);
			path = Team;
			sourceTree = "<group>";
		};
		8AEABA692C71650100149980 /* UI */ = {
			isa = PBXGroup;
			children = (
				8AEABA4B2C71650100149980 /* Article */,
				8AEABA552C71650100149980 /* Articles List */,
				8AEABA5C2C71650100149980 /* Authors */,
				8AEABA632C71650100149980 /* Leagues */,
				8AEABA682C71650100149980 /* Team */,
			);
			path = UI;
			sourceTree = "<group>";
		};
		8AEABA6E2C71650100149980 /* SportNews */ = {
			isa = PBXGroup;
			children = (
				8AEABA412C71650100149980 /* Data */,
				8AEABA442C71650100149980 /* Library */,
				8AEABA462C71650100149980 /* Networking */,
				8AEABA482C71650100149980 /* Preview Content */,
				8AEABA692C71650100149980 /* UI */,
				8AEABA6A2C71650100149980 /* Assets.xcassets */,
				8AEABA6B2C71650100149980 /* SportNews.entitlements */,
				8AEABA6C2C71650100149980 /* SportNewsApp.swift */,
				8AEABA6D2C71650100149980 /* ContentView.swift */,
			);
			path = SportNews;
			sourceTree = "<group>";
		};
		969E11F82AF988720047A441 = {
			isa = PBXGroup;
			children = (
				8AEABA6E2C71650100149980 /* SportNews */,
				96A9CD102AF99376004D7393 /* Frameworks */,
				969E12022AF988720047A441 /* Products */,
				969E121F2AF988730047A441 /* UI Tests */,
				969E12152AF988730047A441 /* Unit Tests */,
			);
			sourceTree = "<group>";
		};
		969E12022AF988720047A441 /* Products */ = {
			isa = PBXGroup;
			children = (
				969E12012AF988720047A441 /* SportNews.app */,
				969E12122AF988730047A441 /* SportNewsTests.xctest */,
				969E121C2AF988730047A441 /* SportNewsUITests.xctest */,
			);
			name = Products;
			sourceTree = "<group>";
		};
		969E12152AF988730047A441 /* Unit Tests */ = {
			isa = PBXGroup;
			children = (
				969E12162AF988730047A441 /* ArticleViewModelTests.swift */,
			);
			path = "Unit Tests";
			sourceTree = "<group>";
		};
		969E121F2AF988730047A441 /* UI Tests */ = {
			isa = PBXGroup;
			children = (
				969E12202AF988730047A441 /* InterviewUITests.swift */,
				969E12222AF988730047A441 /* InterviewUITestsLaunchTests.swift */,
			);
			path = "UI Tests";
			sourceTree = "<group>";
		};
		96A9CD102AF99376004D7393 /* Frameworks */ = {
			isa = PBXGroup;
			children = (
			);
			name = Frameworks;
			sourceTree = "<group>";
		};
/* End PBXGroup section */

/* Begin PBXNativeTarget section */
		969E12002AF988720047A441 /* SportNews */ = {
			isa = PBXNativeTarget;
			buildConfigurationList = 969E12262AF988730047A441 /* Build configuration list for PBXNativeTarget "SportNews" */;
			buildPhases = (
				969E11FD2AF988720047A441 /* Sources */,
				969E11FE2AF988720047A441 /* Frameworks */,
				969E11FF2AF988720047A441 /* Resources */,
			);
			buildRules = (
			);
			dependencies = (
			);
			name = SportNews;
			packageProductDependencies = (
			);
			productName = Interview;
			productReference = 969E12012AF988720047A441 /* SportNews.app */;
			productType = "com.apple.product-type.application";
		};
		969E12112AF988730047A441 /* SportNewsTests */ = {
			isa = PBXNativeTarget;
			buildConfigurationList = 969E12292AF988730047A441 /* Build configuration list for PBXNativeTarget "SportNewsTests" */;
			buildPhases = (
				969E120E2AF988730047A441 /* Sources */,
				969E120F2AF988730047A441 /* Frameworks */,
				969E12102AF988730047A441 /* Resources */,
			);
			buildRules = (
			);
			dependencies = (
				969E12142AF988730047A441 /* PBXTargetDependency */,
			);
			name = SportNewsTests;
			productName = InterviewTests;
			productReference = 969E12122AF988730047A441 /* SportNewsTests.xctest */;
			productType = "com.apple.product-type.bundle.unit-test";
		};
		969E121B2AF988730047A441 /* SportNewsUITests */ = {
			isa = PBXNativeTarget;
			buildConfigurationList = 969E122C2AF988730047A441 /* Build configuration list for PBXNativeTarget "SportNewsUITests" */;
			buildPhases = (
				969E12182AF988730047A441 /* Sources */,
				969E12192AF988730047A441 /* Frameworks */,
				969E121A2AF988730047A441 /* Resources */,
			);
			buildRules = (
			);
			dependencies = (
				969E121E2AF988730047A441 /* PBXTargetDependency */,
			);
			name = SportNewsUITests;
			productName = InterviewUITests;
			productReference = 969E121C2AF988730047A441 /* SportNewsUITests.xctest */;
			productType = "com.apple.product-type.bundle.ui-testing";
		};
/* End PBXNativeTarget section */

/* Begin PBXProject section */
		969E11F92AF988720047A441 /* Project object */ = {
			isa = PBXProject;
			attributes = {
				BuildIndependentTargetsInParallel = 1;
				LastSwiftUpdateCheck = 1500;
				LastUpgradeCheck = 1500;
				TargetAttributes = {
					969E12002AF988720047A441 = {
						CreatedOnToolsVersion = 15.0.1;
					};
					969E12112AF988730047A441 = {
						CreatedOnToolsVersion = 15.0.1;
						TestTargetID = 969E12002AF988720047A441;
					};
					969E121B2AF988730047A441 = {
						CreatedOnToolsVersion = 15.0.1;
						TestTargetID = 969E12002AF988720047A441;
					};
				};
			};
			buildConfigurationList = 969E11FC2AF988720047A441 /* Build configuration list for PBXProject "SportNews" */;
			compatibilityVersion = "Xcode 14.0";
			developmentRegion = en;
			hasScannedForEncodings = 0;
			knownRegions = (
				en,
				Base,
			);
			mainGroup = 969E11F82AF988720047A441;
			packageReferences = (
			);
			productRefGroup = 969E12022AF988720047A441 /* Products */;
			projectDirPath = "";
			projectRoot = "";
			targets = (
				969E12002AF988720047A441 /* SportNews */,
				969E12112AF988730047A441 /* SportNewsTests */,
				969E121B2AF988730047A441 /* SportNewsUITests */,
			);
		};
/* End PBXProject section */

/* Begin PBXResourcesBuildPhase section */
		969E11FF2AF988720047A441 /* Resources */ = {
			isa = PBXResourcesBuildPhase;
			buildActionMask = 2147483647;
			files = (
				8AEABA7F2C71650100149980 /* Preview Assets.xcassets in Resources */,
				8AEABA982C71650100149980 /* Assets.xcassets in Resources */,
			);
			runOnlyForDeploymentPostprocessing = 0;
		};
		969E12102AF988730047A441 /* Resources */ = {
			isa = PBXResourcesBuildPhase;
			buildActionMask = 2147483647;
			files = (
			);
			runOnlyForDeploymentPostprocessing = 0;
		};
		969E121A2AF988730047A441 /* Resources */ = {
			isa = PBXResourcesBuildPhase;
			buildActionMask = 2147483647;
			files = (
			);
			runOnlyForDeploymentPostprocessing = 0;
		};
/* End PBXResourcesBuildPhase section */

/* Begin PBXSourcesBuildPhase section */
		969E11FD2AF988720047A441 /* Sources */ = {
			isa = PBXSourcesBuildPhase;
			buildActionMask = 2147483647;
			files = (
				8AEABA9A2C71650100149980 /* ContentView.swift in Sources */,
				8AEABA742C71650100149980 /* AuthorRepository.swift in Sources */,
				8AEABA922C71650100149980 /* LeagueRoute.swift in Sources */,
				8AEABA902C71650100149980 /* LeagueListView.swift in Sources */,
				8AEABA7C2C71650100149980 /* EmptyContentView.swift in Sources */,
				8AEABA772C71650100149980 /* LeagueRepository.swift in Sources */,
				8AEABA8C2C71650100149980 /* AuthorsListViewModel.swift in Sources */,
				8AEABA942C71650100149980 /* TeamsListView.swift in Sources */,
				8AEABA842C71650100149980 /* FetchDateViewModel.swift in Sources */,
				8AEABA972C71650100149980 /* TeamsTabView.swift in Sources */,
				8AEABA952C71650100149980 /* TeamsListViewModel.swift in Sources */,
				8AEABA8D2C71650100149980 /* AuthorsRoute.swift in Sources */,
				8AEABA7D2C71650100149980 /* LoadingView.swift in Sources */,
				8AEABA7A2C71650100149980 /* Team.swift in Sources */,
				8AEABA782C71650100149980 /* ProductionLeagueRepository.swift in Sources */,
				8AEABA762C71650100149980 /* League.swift in Sources */,
				8AEABA792C71650100149980 /* ProductionTeamRepository.swift in Sources */,
				8AEABA832C71650100149980 /* FetchDateRow.swift in Sources */,
				8AEABA932C71650100149980 /* LeaguesTabView.swift in Sources */,
				8AEABA822C71650100149980 /* ArticleRow.swift in Sources */,
				8AEABA8B2C71650100149980 /* AuthorsListView.swift in Sources */,
				8AEABA962C71650100149980 /* TeamsRoute.swift in Sources */,
				8AEABA7B2C71650100149980 /* TeamRepository.swift in Sources */,
				8AEABA732C71650100149980 /* Author.swift in Sources */,
				8AEABA912C71650100149980 /* LeagueListViewModel.swift in Sources */,
				8AEABA852C71650100149980 /* ReturnToTopButton.swift in Sources */,
				8AEABA892C71650100149980 /* ArticlesTabView.swift in Sources */,
				8AEABA812C71650100149980 /* ArticleViewModel.swift in Sources */,
				8AEABA8E2C71650100149980 /* AuthorsTabView.swift in Sources */,
				8AEABA722C71650100149980 /* ProductionArticleRepository.swift in Sources */,
				8AEABA872C71650100149980 /* ArticlesListView.swift in Sources */,
				8AEABA8A2C71650100149980 /* AuthorRow.swift in Sources */,
				8AEABA702C71650100149980 /* ArticleRepository.swift in Sources */,
				8AEABA7E2C71650100149980 /* AthleticNetworkService.swift in Sources */,
				8AEABA8F2C71650100149980 /* LeagueRow.swift in Sources */,
				8AEABA862C71650100149980 /* ArticleRoute.swift in Sources */,
				8AEABA6F2C71650100149980 /* Article.swift in Sources */,
				8AEABA712C71650100149980 /* MockArticleRepository.swift in Sources */,
				8AEABA752C71650100149980 /* ProductionAuthorRepository.swift in Sources */,
				8AEABA802C71650100149980 /* ArticleView.swift in Sources */,
				8AEABA992C71650100149980 /* SportNewsApp.swift in Sources */,
				8AEABA882C71650100149980 /* ArticlesListViewModel.swift in Sources */,
			);
			runOnlyForDeploymentPostprocessing = 0;
		};
		969E120E2AF988730047A441 /* Sources */ = {
			isa = PBXSourcesBuildPhase;
			buildActionMask = 2147483647;
			files = (
				969E12172AF988730047A441 /* ArticleViewModelTests.swift in Sources */,
			);
			runOnlyForDeploymentPostprocessing = 0;
		};
		969E12182AF988730047A441 /* Sources */ = {
			isa = PBXSourcesBuildPhase;
			buildActionMask = 2147483647;
			files = (
				969E12232AF988730047A441 /* InterviewUITestsLaunchTests.swift in Sources */,
				969E12212AF988730047A441 /* InterviewUITests.swift in Sources */,
			);
			runOnlyForDeploymentPostprocessing = 0;
		};
/* End PBXSourcesBuildPhase section */

/* Begin PBXTargetDependency section */
		969E12142AF988730047A441 /* PBXTargetDependency */ = {
			isa = PBXTargetDependency;
			target = 969E12002AF988720047A441 /* SportNews */;
			targetProxy = 969E12132AF988730047A441 /* PBXContainerItemProxy */;
		};
		969E121E2AF988730047A441 /* PBXTargetDependency */ = {
			isa = PBXTargetDependency;
			target = 969E12002AF988720047A441 /* SportNews */;
			targetProxy = 969E121D2AF988730047A441 /* PBXContainerItemProxy */;
		};
/* End PBXTargetDependency section */

/* Begin XCBuildConfiguration section */
		969E12242AF988730047A441 /* Debug */ = {
			isa = XCBuildConfiguration;
			buildSettings = {
				ALWAYS_SEARCH_USER_PATHS = NO;
				ASSETCATALOG_COMPILER_GENERATE_SWIFT_ASSET_SYMBOL_EXTENSIONS = YES;
				CLANG_ANALYZER_NONNULL = YES;
				CLANG_ANALYZER_NUMBER_OBJECT_CONVERSION = YES_AGGRESSIVE;
				CLANG_CXX_LANGUAGE_STANDARD = "gnu++20";
				CLANG_ENABLE_MODULES = YES;
				CLANG_ENABLE_OBJC_ARC = YES;
				CLANG_ENABLE_OBJC_WEAK = YES;
				CLANG_WARN_BLOCK_CAPTURE_AUTORELEASING = YES;
				CLANG_WARN_BOOL_CONVERSION = YES;
				CLANG_WARN_COMMA = YES;
				CLANG_WARN_CONSTANT_CONVERSION = YES;
				CLANG_WARN_DEPRECATED_OBJC_IMPLEMENTATIONS = YES;
				CLANG_WARN_DIRECT_OBJC_ISA_USAGE = YES_ERROR;
				CLANG_WARN_DOCUMENTATION_COMMENTS = YES;
				CLANG_WARN_EMPTY_BODY = YES;
				CLANG_WARN_ENUM_CONVERSION = YES;
				CLANG_WARN_INFINITE_RECURSION = YES;
				CLANG_WARN_INT_CONVERSION = YES;
				CLANG_WARN_NON_LITERAL_NULL_CONVERSION = YES;
				CLANG_WARN_OBJC_IMPLICIT_RETAIN_SELF = YES;
				CLANG_WARN_OBJC_LITERAL_CONVERSION = YES;
				CLANG_WARN_OBJC_ROOT_CLASS = YES_ERROR;
				CLANG_WARN_QUOTED_INCLUDE_IN_FRAMEWORK_HEADER = YES;
				CLANG_WARN_RANGE_LOOP_ANALYSIS = YES;
				CLANG_WARN_STRICT_PROTOTYPES = YES;
				CLANG_WARN_SUSPICIOUS_MOVE = YES;
				CLANG_WARN_UNGUARDED_AVAILABILITY = YES_AGGRESSIVE;
				CLANG_WARN_UNREACHABLE_CODE = YES;
				CLANG_WARN__DUPLICATE_METHOD_MATCH = YES;
				COPY_PHASE_STRIP = NO;
				DEBUG_INFORMATION_FORMAT = dwarf;
				ENABLE_STRICT_OBJC_MSGSEND = YES;
				ENABLE_TESTABILITY = YES;
				ENABLE_USER_SCRIPT_SANDBOXING = YES;
				GCC_C_LANGUAGE_STANDARD = gnu17;
				GCC_DYNAMIC_NO_PIC = NO;
				GCC_NO_COMMON_BLOCKS = YES;
				GCC_OPTIMIZATION_LEVEL = 0;
				GCC_PREPROCESSOR_DEFINITIONS = (
					"DEBUG=1",
					"$(inherited)",
				);
				GCC_WARN_64_TO_32_BIT_CONVERSION = YES;
				GCC_WARN_ABOUT_RETURN_TYPE = YES_ERROR;
				GCC_WARN_UNDECLARED_SELECTOR = YES;
				GCC_WARN_UNINITIALIZED_AUTOS = YES_AGGRESSIVE;
				GCC_WARN_UNUSED_FUNCTION = YES;
				GCC_WARN_UNUSED_VARIABLE = YES;
				LOCALIZATION_PREFERS_STRING_CATALOGS = YES;
				MTL_ENABLE_DEBUG_INFO = INCLUDE_SOURCE;
				MTL_FAST_MATH = YES;
				ONLY_ACTIVE_ARCH = YES;
				SWIFT_ACTIVE_COMPILATION_CONDITIONS = "DEBUG $(inherited)";
				SWIFT_OPTIMIZATION_LEVEL = "-Onone";
			};
			name = Debug;
		};
		969E12252AF988730047A441 /* Release */ = {
			isa = XCBuildConfiguration;
			buildSettings = {
				ALWAYS_SEARCH_USER_PATHS = NO;
				ASSETCATALOG_COMPILER_GENERATE_SWIFT_ASSET_SYMBOL_EXTENSIONS = YES;
				CLANG_ANALYZER_NONNULL = YES;
				CLANG_ANALYZER_NUMBER_OBJECT_CONVERSION = YES_AGGRESSIVE;
				CLANG_CXX_LANGUAGE_STANDARD = "gnu++20";
				CLANG_ENABLE_MODULES = YES;
				CLANG_ENABLE_OBJC_ARC = YES;
				CLANG_ENABLE_OBJC_WEAK = YES;
				CLANG_WARN_BLOCK_CAPTURE_AUTORELEASING = YES;
				CLANG_WARN_BOOL_CONVERSION = YES;
				CLANG_WARN_COMMA = YES;
				CLANG_WARN_CONSTANT_CONVERSION = YES;
				CLANG_WARN_DEPRECATED_OBJC_IMPLEMENTATIONS = YES;
				CLANG_WARN_DIRECT_OBJC_ISA_USAGE = YES_ERROR;
				CLANG_WARN_DOCUMENTATION_COMMENTS = YES;
				CLANG_WARN_EMPTY_BODY = YES;
				CLANG_WARN_ENUM_CONVERSION = YES;
				CLANG_WARN_INFINITE_RECURSION = YES;
				CLANG_WARN_INT_CONVERSION = YES;
				CLANG_WARN_NON_LITERAL_NULL_CONVERSION = YES;
				CLANG_WARN_OBJC_IMPLICIT_RETAIN_SELF = YES;
				CLANG_WARN_OBJC_LITERAL_CONVERSION = YES;
				CLANG_WARN_OBJC_ROOT_CLASS = YES_ERROR;
				CLANG_WARN_QUOTED_INCLUDE_IN_FRAMEWORK_HEADER = YES;
				CLANG_WARN_RANGE_LOOP_ANALYSIS = YES;
				CLANG_WARN_STRICT_PROTOTYPES = YES;
				CLANG_WARN_SUSPICIOUS_MOVE = YES;
				CLANG_WARN_UNGUARDED_AVAILABILITY = YES_AGGRESSIVE;
				CLANG_WARN_UNREACHABLE_CODE = YES;
				CLANG_WARN__DUPLICATE_METHOD_MATCH = YES;
				COPY_PHASE_STRIP = NO;
				DEBUG_INFORMATION_FORMAT = "dwarf-with-dsym";
				ENABLE_NS_ASSERTIONS = NO;
				ENABLE_STRICT_OBJC_MSGSEND = YES;
				ENABLE_USER_SCRIPT_SANDBOXING = YES;
				GCC_C_LANGUAGE_STANDARD = gnu17;
				GCC_NO_COMMON_BLOCKS = YES;
				GCC_WARN_64_TO_32_BIT_CONVERSION = YES;
				GCC_WARN_ABOUT_RETURN_TYPE = YES_ERROR;
				GCC_WARN_UNDECLARED_SELECTOR = YES;
				GCC_WARN_UNINITIALIZED_AUTOS = YES_AGGRESSIVE;
				GCC_WARN_UNUSED_FUNCTION = YES;
				GCC_WARN_UNUSED_VARIABLE = YES;
				LOCALIZATION_PREFERS_STRING_CATALOGS = YES;
				MTL_ENABLE_DEBUG_INFO = NO;
				MTL_FAST_MATH = YES;
				SWIFT_COMPILATION_MODE = wholemodule;
			};
			name = Release;
		};
		969E12272AF988730047A441 /* Debug */ = {
			isa = XCBuildConfiguration;
			buildSettings = {
				ASSETCATALOG_COMPILER_APPICON_NAME = AppIcon;
				ASSETCATALOG_COMPILER_GLOBAL_ACCENT_COLOR_NAME = AccentColor;
				CODE_SIGN_ENTITLEMENTS = SportNews/SportNews.entitlements;
				CODE_SIGN_STYLE = Automatic;
				CURRENT_PROJECT_VERSION = 1;
				DEVELOPMENT_ASSET_PATHS = "\"SportNews/Preview Content\"";
				DEVELOPMENT_TEAM = L8FG2UUYUJ;
				ENABLE_HARDENED_RUNTIME = YES;
				ENABLE_PREVIEWS = YES;
				GENERATE_INFOPLIST_FILE = YES;
				"INFOPLIST_KEY_UIApplicationSceneManifest_Generation[sdk=iphoneos*]" = YES;
				"INFOPLIST_KEY_UIApplicationSceneManifest_Generation[sdk=iphonesimulator*]" = YES;
				"INFOPLIST_KEY_UIApplicationSupportsIndirectInputEvents[sdk=iphoneos*]" = YES;
				"INFOPLIST_KEY_UIApplicationSupportsIndirectInputEvents[sdk=iphonesimulator*]" = YES;
				"INFOPLIST_KEY_UILaunchScreen_Generation[sdk=iphoneos*]" = YES;
				"INFOPLIST_KEY_UILaunchScreen_Generation[sdk=iphonesimulator*]" = YES;
				"INFOPLIST_KEY_UIStatusBarStyle[sdk=iphoneos*]" = UIStatusBarStyleDefault;
				"INFOPLIST_KEY_UIStatusBarStyle[sdk=iphonesimulator*]" = UIStatusBarStyleDefault;
				INFOPLIST_KEY_UISupportedInterfaceOrientations_iPad = "UIInterfaceOrientationPortrait UIInterfaceOrientationPortraitUpsideDown UIInterfaceOrientationLandscapeLeft UIInterfaceOrientationLandscapeRight";
				INFOPLIST_KEY_UISupportedInterfaceOrientations_iPhone = "UIInterfaceOrientationPortrait UIInterfaceOrientationLandscapeLeft UIInterfaceOrientationLandscapeRight";
				IPHONEOS_DEPLOYMENT_TARGET = 17.0;
				LD_RUNPATH_SEARCH_PATHS = "@executable_path/Frameworks";
				"LD_RUNPATH_SEARCH_PATHS[sdk=macosx*]" = "@executable_path/../Frameworks";
				MACOSX_DEPLOYMENT_TARGET = 14.0;
				MARKETING_VERSION = 1.0;
				PRODUCT_BUNDLE_IDENTIFIER = com.sportnews;
				PRODUCT_NAME = "$(TARGET_NAME)";
				SDKROOT = auto;
				SUPPORTED_PLATFORMS = "iphoneos iphonesimulator macosx";
				SWIFT_EMIT_LOC_STRINGS = YES;
				SWIFT_VERSION = 5.0;
				TARGETED_DEVICE_FAMILY = "1,2";
			};
			name = Debug;
		};
		969E12282AF988730047A441 /* Release */ = {
			isa = XCBuildConfiguration;
			buildSettings = {
				ASSETCATALOG_COMPILER_APPICON_NAME = AppIcon;
				ASSETCATALOG_COMPILER_GLOBAL_ACCENT_COLOR_NAME = AccentColor;
				CODE_SIGN_ENTITLEMENTS = SportNews/SportNews.entitlements;
				CODE_SIGN_STYLE = Automatic;
				CURRENT_PROJECT_VERSION = 1;
				DEVELOPMENT_ASSET_PATHS = "\"SportNews/Preview Content\"";
				DEVELOPMENT_TEAM = L8FG2UUYUJ;
				ENABLE_HARDENED_RUNTIME = YES;
				ENABLE_PREVIEWS = YES;
				GENERATE_INFOPLIST_FILE = YES;
				"INFOPLIST_KEY_UIApplicationSceneManifest_Generation[sdk=iphoneos*]" = YES;
				"INFOPLIST_KEY_UIApplicationSceneManifest_Generation[sdk=iphonesimulator*]" = YES;
				"INFOPLIST_KEY_UIApplicationSupportsIndirectInputEvents[sdk=iphoneos*]" = YES;
				"INFOPLIST_KEY_UIApplicationSupportsIndirectInputEvents[sdk=iphonesimulator*]" = YES;
				"INFOPLIST_KEY_UILaunchScreen_Generation[sdk=iphoneos*]" = YES;
				"INFOPLIST_KEY_UILaunchScreen_Generation[sdk=iphonesimulator*]" = YES;
				"INFOPLIST_KEY_UIStatusBarStyle[sdk=iphoneos*]" = UIStatusBarStyleDefault;
				"INFOPLIST_KEY_UIStatusBarStyle[sdk=iphonesimulator*]" = UIStatusBarStyleDefault;
				INFOPLIST_KEY_UISupportedInterfaceOrientations_iPad = "UIInterfaceOrientationPortrait UIInterfaceOrientationPortraitUpsideDown UIInterfaceOrientationLandscapeLeft UIInterfaceOrientationLandscapeRight";
				INFOPLIST_KEY_UISupportedInterfaceOrientations_iPhone = "UIInterfaceOrientationPortrait UIInterfaceOrientationLandscapeLeft UIInterfaceOrientationLandscapeRight";
				IPHONEOS_DEPLOYMENT_TARGET = 17.0;
				LD_RUNPATH_SEARCH_PATHS = "@executable_path/Frameworks";
				"LD_RUNPATH_SEARCH_PATHS[sdk=macosx*]" = "@executable_path/../Frameworks";
				MACOSX_DEPLOYMENT_TARGET = 14.0;
				MARKETING_VERSION = 1.0;
				PRODUCT_BUNDLE_IDENTIFIER = com.sportnews;
				PRODUCT_NAME = "$(TARGET_NAME)";
				SDKROOT = auto;
				SUPPORTED_PLATFORMS = "iphoneos iphonesimulator macosx";
				SWIFT_EMIT_LOC_STRINGS = YES;
				SWIFT_VERSION = 5.0;
				TARGETED_DEVICE_FAMILY = "1,2";
			};
			name = Release;
		};
		969E122A2AF988730047A441 /* Debug */ = {
			isa = XCBuildConfiguration;
			buildSettings = {
				ALWAYS_EMBED_SWIFT_STANDARD_LIBRARIES = YES;
				BUNDLE_LOADER = "$(TEST_HOST)";
				CODE_SIGN_STYLE = Automatic;
				CURRENT_PROJECT_VERSION = 1;
				DEVELOPMENT_TEAM = X5U5MPSSEX;
				GENERATE_INFOPLIST_FILE = YES;
				IPHONEOS_DEPLOYMENT_TARGET = 17.0;
				MACOSX_DEPLOYMENT_TARGET = 14.0;
				MARKETING_VERSION = 1.0;
				PRODUCT_BUNDLE_IDENTIFIER = com.theathletic.InterviewTests;
				PRODUCT_NAME = "$(TARGET_NAME)";
				SDKROOT = auto;
				SUPPORTED_PLATFORMS = "iphoneos iphonesimulator macosx";
				SWIFT_EMIT_LOC_STRINGS = NO;
				SWIFT_VERSION = 5.0;
				TARGETED_DEVICE_FAMILY = "1,2";
				TEST_HOST = "$(BUILT_PRODUCTS_DIR)/SportNews.app/$(BUNDLE_EXECUTABLE_FOLDER_PATH)/SportNews";
			};
			name = Debug;
		};
		969E122B2AF988730047A441 /* Release */ = {
			isa = XCBuildConfiguration;
			buildSettings = {
				ALWAYS_EMBED_SWIFT_STANDARD_LIBRARIES = YES;
				BUNDLE_LOADER = "$(TEST_HOST)";
				CODE_SIGN_STYLE = Automatic;
				CURRENT_PROJECT_VERSION = 1;
				DEVELOPMENT_TEAM = X5U5MPSSEX;
				GENERATE_INFOPLIST_FILE = YES;
				IPHONEOS_DEPLOYMENT_TARGET = 17.0;
				MACOSX_DEPLOYMENT_TARGET = 14.0;
				MARKETING_VERSION = 1.0;
				PRODUCT_BUNDLE_IDENTIFIER = com.theathletic.InterviewTests;
				PRODUCT_NAME = "$(TARGET_NAME)";
				SDKROOT = auto;
				SUPPORTED_PLATFORMS = "iphoneos iphonesimulator macosx";
				SWIFT_EMIT_LOC_STRINGS = NO;
				SWIFT_VERSION = 5.0;
				TARGETED_DEVICE_FAMILY = "1,2";
				TEST_HOST = "$(BUILT_PRODUCTS_DIR)/SportNews.app/$(BUNDLE_EXECUTABLE_FOLDER_PATH)/SportNews";
			};
			name = Release;
		};
		969E122D2AF988730047A441 /* Debug */ = {
			isa = XCBuildConfiguration;
			buildSettings = {
				ALWAYS_EMBED_SWIFT_STANDARD_LIBRARIES = YES;
				CODE_SIGN_STYLE = Automatic;
				CURRENT_PROJECT_VERSION = 1;
				DEVELOPMENT_TEAM = X5U5MPSSEX;
				GENERATE_INFOPLIST_FILE = YES;
				IPHONEOS_DEPLOYMENT_TARGET = 17.0;
				MACOSX_DEPLOYMENT_TARGET = 14.0;
				MARKETING_VERSION = 1.0;
				PRODUCT_BUNDLE_IDENTIFIER = com.theathletic.InterviewUITests;
				PRODUCT_NAME = "$(TARGET_NAME)";
				SDKROOT = auto;
				SUPPORTED_PLATFORMS = "iphoneos iphonesimulator macosx";
				SWIFT_EMIT_LOC_STRINGS = NO;
				SWIFT_VERSION = 5.0;
				TARGETED_DEVICE_FAMILY = "1,2";
				TEST_TARGET_NAME = Interview;
			};
			name = Debug;
		};
		969E122E2AF988730047A441 /* Release */ = {
			isa = XCBuildConfiguration;
			buildSettings = {
				ALWAYS_EMBED_SWIFT_STANDARD_LIBRARIES = YES;
				CODE_SIGN_STYLE = Automatic;
				CURRENT_PROJECT_VERSION = 1;
				DEVELOPMENT_TEAM = X5U5MPSSEX;
				GENERATE_INFOPLIST_FILE = YES;
				IPHONEOS_DEPLOYMENT_TARGET = 17.0;
				MACOSX_DEPLOYMENT_TARGET = 14.0;
				MARKETING_VERSION = 1.0;
				PRODUCT_BUNDLE_IDENTIFIER = com.theathletic.InterviewUITests;
				PRODUCT_NAME = "$(TARGET_NAME)";
				SDKROOT = auto;
				SUPPORTED_PLATFORMS = "iphoneos iphonesimulator macosx";
				SWIFT_EMIT_LOC_STRINGS = NO;
				SWIFT_VERSION = 5.0;
				TARGETED_DEVICE_FAMILY = "1,2";
				TEST_TARGET_NAME = Interview;
			};
			name = Release;
		};
/* End XCBuildConfiguration section */

/* Begin XCConfigurationList section */
		969E11FC2AF988720047A441 /* Build configuration list for PBXProject "SportNews" */ = {
			isa = XCConfigurationList;
			buildConfigurations = (
				969E12242AF988730047A441 /* Debug */,
				969E12252AF988730047A441 /* Release */,
			);
			defaultConfigurationIsVisible = 0;
			defaultConfigurationName = Release;
		};
		969E12262AF988730047A441 /* Build configuration list for PBXNativeTarget "SportNews" */ = {
			isa = XCConfigurationList;
			buildConfigurations = (
				969E12272AF988730047A441 /* Debug */,
				969E12282AF988730047A441 /* Release */,
			);
			defaultConfigurationIsVisible = 0;
			defaultConfigurationName = Release;
		};
		969E12292AF988730047A441 /* Build configuration list for PBXNativeTarget "SportNewsTests" */ = {
			isa = XCConfigurationList;
			buildConfigurations = (
				969E122A2AF988730047A441 /* Debug */,
				969E122B2AF988730047A441 /* Release */,
			);
			defaultConfigurationIsVisible = 0;
			defaultConfigurationName = Release;
		};
		969E122C2AF988730047A441 /* Build configuration list for PBXNativeTarget "SportNewsUITests" */ = {
			isa = XCConfigurationList;
			buildConfigurations = (
				969E122D2AF988730047A441 /* Debug */,
				969E122E2AF988730047A441 /* Release */,
			);
			defaultConfigurationIsVisible = 0;
			defaultConfigurationName = Release;
		};
/* End XCConfigurationList section */
	};
	rootObject = 969E11F92AF988720047A441 /* Project object */;
}
